
Microsoft Visual Studio Solution File, Format Version 12.00
# Visual Studio Version 17
VisualStudioVersion = 17.3.32929.385
MinimumVisualStudioVersion = 10.0.40219.1
Project("{FAE04EC0-301F-11D3-BF4B-00C04F79EFBC}") = "Calendar-api", "Calendar-api\Calendar-api.csproj", "{948F8E2E-AC71-4E2C-86E8-D675DBC54A08}"
EndProject
Global
	GlobalSection(SolutionConfigurationPlatforms) = preSolution
		Debug|Any CPU = Debug|Any CPU
		Release|Any CPU = Release|Any CPU
	EndGlobalSection
	GlobalSection(ProjectConfigurationPlatforms) = postSolution
		{948F8E2E-AC71-4E2C-86E8-D675DBC54A08}.Debug|Any CPU.ActiveCfg = Debug|Any CPU
		{948F8E2E-AC71-4E2C-86E8-D675DBC54A08}.Debug|Any CPU.Build.0 = Debug|Any CPU
		{948F8E2E-AC71-4E2C-86E8-D675DBC54A08}.Release|Any CPU.ActiveCfg = Release|Any CPU
		{948F8E2E-AC71-4E2C-86E8-D675DBC54A08}.Release|Any CPU.Build.0 = Release|Any CPU
	EndGlobalSection
	GlobalSection(SolutionProperties) = preSolution
		HideSolutionNode = FALSE
	EndGlobalSection
	GlobalSection(ExtensibilityGlobals) = postSolution
		SolutionGuid = {6B6239DB-4903-48EA-8351-CF3A602A296F}
	EndGlobalSection
EndGlobal
